// !$*UTF8*$!
{
	archiveVersion = 1;
	classes = {
	};
	objectVersion = 56;
	objects = {

/* Begin PBXBuildFile section */
		D960DC712C4053DA00722727 /* HealthKitManager.swift in Sources */ = {isa = PBXBuildFile; fileRef = D960DC702C4053DA00722727 /* HealthKitManager.swift */; };
		D9D9D97D2C4443B3007F33E3 /* WidgetKit.framework in Frameworks */ = {isa = PBXBuildFile; fileRef = D9D9D97C2C4443B3007F33E3 /* WidgetKit.framework */; };
		D9D9D97F2C4443B3007F33E3 /* SwiftUI.framework in Frameworks */ = {isa = PBXBuildFile; fileRef = D9D9D97E2C4443B3007F33E3 /* SwiftUI.framework */; };
		D9D9D9822C4443B3007F33E3 /* StepCountWidgetBundle.swift in Sources */ = {isa = PBXBuildFile; fileRef = D9D9D9812C4443B3007F33E3 /* StepCountWidgetBundle.swift */; };
		D9D9D9842C4443B3007F33E3 /* StepCountWidget.swift in Sources */ = {isa = PBXBuildFile; fileRef = D9D9D9832C4443B3007F33E3 /* StepCountWidget.swift */; };
		D9D9D9862C4443B4007F33E3 /* Assets.xcassets in Resources */ = {isa = PBXBuildFile; fileRef = D9D9D9852C4443B4007F33E3 /* Assets.xcassets */; };
		D9D9D98A2C4443B4007F33E3 /* StepCountWidgetExtension.appex in Embed Foundation Extensions */ = {isa = PBXBuildFile; fileRef = D9D9D97A2C4443B3007F33E3 /* StepCountWidgetExtension.appex */; settings = {ATTRIBUTES = (RemoveHeadersOnCopy, ); }; };
		D9EEADBA2C3DEC36004702A0 /* odoApp.swift in Sources */ = {isa = PBXBuildFile; fileRef = D9EEADB92C3DEC36004702A0 /* odoApp.swift */; };
		D9EEADBC2C3DEC36004702A0 /* ContentView.swift in Sources */ = {isa = PBXBuildFile; fileRef = D9EEADBB2C3DEC36004702A0 /* ContentView.swift */; };
		D9EEADBE2C3DEC42004702A0 /* Assets.xcassets in Resources */ = {isa = PBXBuildFile; fileRef = D9EEADBD2C3DEC42004702A0 /* Assets.xcassets */; };
		D9EEADC12C3DEC42004702A0 /* Preview Assets.xcassets in Resources */ = {isa = PBXBuildFile; fileRef = D9EEADC02C3DEC42004702A0 /* Preview Assets.xcassets */; };
		D9EEADC82C3DEDAB004702A0 /* OdometerView.swift in Sources */ = {isa = PBXBuildFile; fileRef = D9EEADC72C3DEDAB004702A0 /* OdometerView.swift */; };
/* End PBXBuildFile section */

/* Begin PBXContainerItemProxy section */
		D9D9D9882C4443B4007F33E3 /* PBXContainerItemProxy */ = {
			isa = PBXContainerItemProxy;
			containerPortal = D9EEADAE2C3DEC36004702A0 /* Project object */;
			proxyType = 1;
			remoteGlobalIDString = D9D9D9792C4443B3007F33E3;
			remoteInfo = StepCountWidgetExtension;
		};
/* End PBXContainerItemProxy section */

/* Begin PBXCopyFilesBuildPhase section */
		D9D9D98B2C4443B4007F33E3 /* Embed Foundation Extensions */ = {
			isa = PBXCopyFilesBuildPhase;
			buildActionMask = 2147483647;
			dstPath = "";
			dstSubfolderSpec = 13;
			files = (
				D9D9D98A2C4443B4007F33E3 /* StepCountWidgetExtension.appex in Embed Foundation Extensions */,
			);
			name = "Embed Foundation Extensions";
			runOnlyForDeploymentPostprocessing = 0;
		};
/* End PBXCopyFilesBuildPhase section */

/* Begin PBXFileReference section */
		D960DC6E2C40534C00722727 /* Info.plist */ = {isa = PBXFileReference; lastKnownFileType = text.plist; path = Info.plist; sourceTree = "<group>"; };
		D960DC6F2C40535500722727 /* odo.entitlements */ = {isa = PBXFileReference; lastKnownFileType = text.plist.entitlements; path = odo.entitlements; sourceTree = "<group>"; };
		D960DC702C4053DA00722727 /* HealthKitManager.swift */ = {isa = PBXFileReference; lastKnownFileType = sourcecode.swift; path = HealthKitManager.swift; sourceTree = "<group>"; };
		D9D9D97A2C4443B3007F33E3 /* StepCountWidgetExtension.appex */ = {isa = PBXFileReference; explicitFileType = "wrapper.app-extension"; includeInIndex = 0; path = StepCountWidgetExtension.appex; sourceTree = BUILT_PRODUCTS_DIR; };
		D9D9D97C2C4443B3007F33E3 /* WidgetKit.framework */ = {isa = PBXFileReference; lastKnownFileType = wrapper.framework; name = WidgetKit.framework; path = System/Library/Frameworks/WidgetKit.framework; sourceTree = SDKROOT; };
		D9D9D97E2C4443B3007F33E3 /* SwiftUI.framework */ = {isa = PBXFileReference; lastKnownFileType = wrapper.framework; name = SwiftUI.framework; path = System/Library/Frameworks/SwiftUI.framework; sourceTree = SDKROOT; };
		D9D9D9812C4443B3007F33E3 /* StepCountWidgetBundle.swift */ = {isa = PBXFileReference; lastKnownFileType = sourcecode.swift; path = StepCountWidgetBundle.swift; sourceTree = "<group>"; };
		D9D9D9832C4443B3007F33E3 /* StepCountWidget.swift */ = {isa = PBXFileReference; lastKnownFileType = sourcecode.swift; path = StepCountWidget.swift; sourceTree = "<group>"; };
		D9D9D9852C4443B4007F33E3 /* Assets.xcassets */ = {isa = PBXFileReference; lastKnownFileType = folder.assetcatalog; path = Assets.xcassets; sourceTree = "<group>"; };
		D9D9D9872C4443B4007F33E3 /* Info.plist */ = {isa = PBXFileReference; lastKnownFileType = text.plist.xml; path = Info.plist; sourceTree = "<group>"; };
		D9D9D98F2C4444EA007F33E3 /* StepCountWidgetExtension.entitlements */ = {isa = PBXFileReference; lastKnownFileType = text.plist.entitlements; path = StepCountWidgetExtension.entitlements; sourceTree = "<group>"; };
		D9EEADB62C3DEC36004702A0 /* odo.app */ = {isa = PBXFileReference; explicitFileType = wrapper.application; includeInIndex = 0; path = odo.app; sourceTree = BUILT_PRODUCTS_DIR; };
		D9EEADB92C3DEC36004702A0 /* odoApp.swift */ = {isa = PBXFileReference; lastKnownFileType = sourcecode.swift; path = odoApp.swift; sourceTree = "<group>"; };
		D9EEADBB2C3DEC36004702A0 /* ContentView.swift */ = {isa = PBXFileReference; lastKnownFileType = sourcecode.swift; path = ContentView.swift; sourceTree = "<group>"; };
		D9EEADBD2C3DEC42004702A0 /* Assets.xcassets */ = {isa = PBXFileReference; lastKnownFileType = folder.assetcatalog; path = Assets.xcassets; sourceTree = "<group>"; };
		D9EEADC02C3DEC42004702A0 /* Preview Assets.xcassets */ = {isa = PBXFileReference; lastKnownFileType = folder.assetcatalog; path = "Preview Assets.xcassets"; sourceTree = "<group>"; };
		D9EEADC72C3DEDAB004702A0 /* OdometerView.swift */ = {isa = PBXFileReference; lastKnownFileType = sourcecode.swift; path = OdometerView.swift; sourceTree = "<group>"; };
/* End PBXFileReference section */

/* Begin PBXFrameworksBuildPhase section */
		D9D9D9772C4443B3007F33E3 /* Frameworks */ = {
			isa = PBXFrameworksBuildPhase;
			buildActionMask = 2147483647;
			files = (
				D9D9D97F2C4443B3007F33E3 /* SwiftUI.framework in Frameworks */,
				D9D9D97D2C4443B3007F33E3 /* WidgetKit.framework in Frameworks */,
			);
			runOnlyForDeploymentPostprocessing = 0;
		};
		D9EEADB32C3DEC36004702A0 /* Frameworks */ = {
			isa = PBXFrameworksBuildPhase;
			buildActionMask = 2147483647;
			files = (
			);
			runOnlyForDeploymentPostprocessing = 0;
		};
/* End PBXFrameworksBuildPhase section */

/* Begin PBXGroup section */
		D9D9D97B2C4443B3007F33E3 /* Frameworks */ = {
			isa = PBXGroup;
			children = (
				D9D9D97C2C4443B3007F33E3 /* WidgetKit.framework */,
				D9D9D97E2C4443B3007F33E3 /* SwiftUI.framework */,
			);
			name = Frameworks;
			sourceTree = "<group>";
		};
		D9D9D9802C4443B3007F33E3 /* StepCountWidget */ = {
			isa = PBXGroup;
			children = (
				D9D9D9812C4443B3007F33E3 /* StepCountWidgetBundle.swift */,
				D9D9D9832C4443B3007F33E3 /* StepCountWidget.swift */,
				D9D9D9852C4443B4007F33E3 /* Assets.xcassets */,
				D9D9D9872C4443B4007F33E3 /* Info.plist */,
			);
			path = StepCountWidget;
			sourceTree = "<group>";
		};
		D9EEADAD2C3DEC36004702A0 = {
			isa = PBXGroup;
			children = (
				D9D9D98F2C4444EA007F33E3 /* StepCountWidgetExtension.entitlements */,
				D9EEADB82C3DEC36004702A0 /* odo */,
				D9D9D9802C4443B3007F33E3 /* StepCountWidget */,
				D9D9D97B2C4443B3007F33E3 /* Frameworks */,
				D9EEADB72C3DEC36004702A0 /* Products */,
			);
			sourceTree = "<group>";
		};
		D9EEADB72C3DEC36004702A0 /* Products */ = {
			isa = PBXGroup;
			children = (
				D9EEADB62C3DEC36004702A0 /* odo.app */,
				D9D9D97A2C4443B3007F33E3 /* StepCountWidgetExtension.appex */,
			);
			name = Products;
			sourceTree = "<group>";
		};
		D9EEADB82C3DEC36004702A0 /* odo */ = {
			isa = PBXGroup;
			children = (
				D960DC702C4053DA00722727 /* HealthKitManager.swift */,
				D960DC6F2C40535500722727 /* odo.entitlements */,
				D960DC6E2C40534C00722727 /* Info.plist */,
				D9EEADB92C3DEC36004702A0 /* odoApp.swift */,
				D9EEADBB2C3DEC36004702A0 /* ContentView.swift */,
				D9EEADC72C3DEDAB004702A0 /* OdometerView.swift */,
				D9EEADBD2C3DEC42004702A0 /* Assets.xcassets */,
				D9EEADBF2C3DEC42004702A0 /* Preview Content */,
			);
			path = odo;
			sourceTree = "<group>";
		};
		D9EEADBF2C3DEC42004702A0 /* Preview Content */ = {
			isa = PBXGroup;
			children = (
				D9EEADC02C3DEC42004702A0 /* Preview Assets.xcassets */,
			);
			path = "Preview Content";
			sourceTree = "<group>";
		};
/* End PBXGroup section */

/* Begin PBXNativeTarget section */
		D9D9D9792C4443B3007F33E3 /* StepCountWidgetExtension */ = {
			isa = PBXNativeTarget;
			buildConfigurationList = D9D9D98E2C4443B4007F33E3 /* Build configuration list for PBXNativeTarget "StepCountWidgetExtension" */;
			buildPhases = (
				D9D9D9762C4443B3007F33E3 /* Sources */,
				D9D9D9772C4443B3007F33E3 /* Frameworks */,
				D9D9D9782C4443B3007F33E3 /* Resources */,
			);
			buildRules = (
			);
			dependencies = (
			);
			name = StepCountWidgetExtension;
			productName = StepCountWidgetExtension;
			productReference = D9D9D97A2C4443B3007F33E3 /* StepCountWidgetExtension.appex */;
			productType = "com.apple.product-type.app-extension";
		};
		D9EEADB52C3DEC36004702A0 /* odo */ = {
			isa = PBXNativeTarget;
			buildConfigurationList = D9EEADC42C3DEC42004702A0 /* Build configuration list for PBXNativeTarget "odo" */;
			buildPhases = (
				D9EEADB22C3DEC36004702A0 /* Sources */,
				D9EEADB32C3DEC36004702A0 /* Frameworks */,
				D9EEADB42C3DEC36004702A0 /* Resources */,
				D9D9D98B2C4443B4007F33E3 /* Embed Foundation Extensions */,
			);
			buildRules = (
			);
			dependencies = (
				D9D9D9892C4443B4007F33E3 /* PBXTargetDependency */,
			);
			name = odo;
			productName = odo;
			productReference = D9EEADB62C3DEC36004702A0 /* odo.app */;
			productType = "com.apple.product-type.application";
		};
/* End PBXNativeTarget section */

/* Begin PBXProject section */
		D9EEADAE2C3DEC36004702A0 /* Project object */ = {
			isa = PBXProject;
			attributes = {
				BuildIndependentTargetsInParallel = 1;
				LastSwiftUpdateCheck = 1540;
				LastUpgradeCheck = 1540;
				TargetAttributes = {
					D9D9D9792C4443B3007F33E3 = {
						CreatedOnToolsVersion = 15.4;
					};
					D9EEADB52C3DEC36004702A0 = {
						CreatedOnToolsVersion = 15.4;
					};
				};
			};
			buildConfigurationList = D9EEADB12C3DEC36004702A0 /* Build configuration list for PBXProject "odo" */;
			compatibilityVersion = "Xcode 14.0";
			developmentRegion = en;
			hasScannedForEncodings = 0;
			knownRegions = (
				en,
				Base,
			);
			mainGroup = D9EEADAD2C3DEC36004702A0;
			productRefGroup = D9EEADB72C3DEC36004702A0 /* Products */;
			projectDirPath = "";
			projectRoot = "";
			targets = (
				D9EEADB52C3DEC36004702A0 /* odo */,
				D9D9D9792C4443B3007F33E3 /* StepCountWidgetExtension */,
			);
		};
/* End PBXProject section */

/* Begin PBXResourcesBuildPhase section */
		D9D9D9782C4443B3007F33E3 /* Resources */ = {
			isa = PBXResourcesBuildPhase;
			buildActionMask = 2147483647;
			files = (
				D9D9D9862C4443B4007F33E3 /* Assets.xcassets in Resources */,
			);
			runOnlyForDeploymentPostprocessing = 0;
		};
		D9EEADB42C3DEC36004702A0 /* Resources */ = {
			isa = PBXResourcesBuildPhase;
			buildActionMask = 2147483647;
			files = (
				D9EEADC12C3DEC42004702A0 /* Preview Assets.xcassets in Resources */,
				D9EEADBE2C3DEC42004702A0 /* Assets.xcassets in Resources */,
			);
			runOnlyForDeploymentPostprocessing = 0;
		};
/* End PBXResourcesBuildPhase section */

/* Begin PBXSourcesBuildPhase section */
		D9D9D9762C4443B3007F33E3 /* Sources */ = {
			isa = PBXSourcesBuildPhase;
			buildActionMask = 2147483647;
			files = (
				D9D9D9822C4443B3007F33E3 /* StepCountWidgetBundle.swift in Sources */,
				D9D9D9842C4443B3007F33E3 /* StepCountWidget.swift in Sources */,
			);
			runOnlyForDeploymentPostprocessing = 0;
		};
		D9EEADB22C3DEC36004702A0 /* Sources */ = {
			isa = PBXSourcesBuildPhase;
			buildActionMask = 2147483647;
			files = (
				D9EEADC82C3DEDAB004702A0 /* OdometerView.swift in Sources */,
				D9EEADBC2C3DEC36004702A0 /* ContentView.swift in Sources */,
				D960DC712C4053DA00722727 /* HealthKitManager.swift in Sources */,
				D9EEADBA2C3DEC36004702A0 /* odoApp.swift in Sources */,
			);
			runOnlyForDeploymentPostprocessing = 0;
		};
/* End PBXSourcesBuildPhase section */

/* Begin PBXTargetDependency section */
		D9D9D9892C4443B4007F33E3 /* PBXTargetDependency */ = {
			isa = PBXTargetDependency;
			target = D9D9D9792C4443B3007F33E3 /* StepCountWidgetExtension */;
			targetProxy = D9D9D9882C4443B4007F33E3 /* PBXContainerItemProxy */;
		};
/* End PBXTargetDependency section */

/* Begin XCBuildConfiguration section */
		D9D9D98C2C4443B4007F33E3 /* Debug */ = {
			isa = XCBuildConfiguration;
			buildSettings = {
				ASSETCATALOG_COMPILER_GLOBAL_ACCENT_COLOR_NAME = AccentColor;
				ASSETCATALOG_COMPILER_WIDGET_BACKGROUND_COLOR_NAME = WidgetBackground;
				CODE_SIGN_ENTITLEMENTS = StepCountWidgetExtension.entitlements;
				CODE_SIGN_STYLE = Automatic;
				CURRENT_PROJECT_VERSION = 1;
				DEVELOPMENT_TEAM = PDF936JKA3;
				GENERATE_INFOPLIST_FILE = YES;
				INFOPLIST_FILE = StepCountWidget/Info.plist;
				INFOPLIST_KEY_CFBundleDisplayName = StepCountWidget;
				INFOPLIST_KEY_NSHumanReadableCopyright = "";
				LD_RUNPATH_SEARCH_PATHS = (
					"$(inherited)",
					"@executable_path/Frameworks",
					"@executable_path/../../Frameworks",
				);
				MARKETING_VERSION = 1.0;
				PRODUCT_BUNDLE_IDENTIFIER = com.austinlavalley.odo.StepCountWidget;
				PRODUCT_NAME = "$(TARGET_NAME)";
				SKIP_INSTALL = YES;
				SWIFT_EMIT_LOC_STRINGS = YES;
				SWIFT_VERSION = 5.0;
				TARGETED_DEVICE_FAMILY = "1,2";
			};
			name = Debug;
		};
		D9D9D98D2C4443B4007F33E3 /* Release */ = {
			isa = XCBuildConfiguration;
			buildSettings = {
				ASSETCATALOG_COMPILER_GLOBAL_ACCENT_COLOR_NAME = AccentColor;
				ASSETCATALOG_COMPILER_WIDGET_BACKGROUND_COLOR_NAME = WidgetBackground;
				CODE_SIGN_ENTITLEMENTS = StepCountWidgetExtension.entitlements;
				CODE_SIGN_STYLE = Automatic;
				CURRENT_PROJECT_VERSION = 1;
				DEVELOPMENT_TEAM = PDF936JKA3;
				GENERATE_INFOPLIST_FILE = YES;
				INFOPLIST_FILE = StepCountWidget/Info.plist;
				INFOPLIST_KEY_CFBundleDisplayName = StepCountWidget;
				INFOPLIST_KEY_NSHumanReadableCopyright = "";
				LD_RUNPATH_SEARCH_PATHS = (
					"$(inherited)",
					"@executable_path/Frameworks",
					"@executable_path/../../Frameworks",
				);
				MARKETING_VERSION = 1.0;
				PRODUCT_BUNDLE_IDENTIFIER = com.austinlavalley.odo.StepCountWidget;
				PRODUCT_NAME = "$(TARGET_NAME)";
				SKIP_INSTALL = YES;
				SWIFT_EMIT_LOC_STRINGS = YES;
				SWIFT_VERSION = 5.0;
				TARGETED_DEVICE_FAMILY = "1,2";
			};
			name = Release;
		};
		D9EEADC22C3DEC42004702A0 /* Debug */ = {
			isa = XCBuildConfiguration;
			buildSettings = {
				ALWAYS_SEARCH_USER_PATHS = NO;
				ASSETCATALOG_COMPILER_GENERATE_SWIFT_ASSET_SYMBOL_EXTENSIONS = YES;
				CLANG_ANALYZER_NONNULL = YES;
				CLANG_ANALYZER_NUMBER_OBJECT_CONVERSION = YES_AGGRESSIVE;
				CLANG_CXX_LANGUAGE_STANDARD = "gnu++20";
				CLANG_ENABLE_MODULES = YES;
				CLANG_ENABLE_OBJC_ARC = YES;
				CLANG_ENABLE_OBJC_WEAK = YES;
				CLANG_WARN_BLOCK_CAPTURE_AUTORELEASING = YES;
				CLANG_WARN_BOOL_CONVERSION = YES;
				CLANG_WARN_COMMA = YES;
				CLANG_WARN_CONSTANT_CONVERSION = YES;
				CLANG_WARN_DEPRECATED_OBJC_IMPLEMENTATIONS = YES;
				CLANG_WARN_DIRECT_OBJC_ISA_USAGE = YES_ERROR;
				CLANG_WARN_DOCUMENTATION_COMMENTS = YES;
				CLANG_WARN_EMPTY_BODY = YES;
				CLANG_WARN_ENUM_CONVERSION = YES;
				CLANG_WARN_INFINITE_RECURSION = YES;
				CLANG_WARN_INT_CONVERSION = YES;
				CLANG_WARN_NON_LITERAL_NULL_CONVERSION = YES;
				CLANG_WARN_OBJC_IMPLICIT_RETAIN_SELF = YES;
				CLANG_WARN_OBJC_LITERAL_CONVERSION = YES;
				CLANG_WARN_OBJC_ROOT_CLASS = YES_ERROR;
				CLANG_WARN_QUOTED_INCLUDE_IN_FRAMEWORK_HEADER = YES;
				CLANG_WARN_RANGE_LOOP_ANALYSIS = YES;
				CLANG_WARN_STRICT_PROTOTYPES = YES;
				CLANG_WARN_SUSPICIOUS_MOVE = YES;
				CLANG_WARN_UNGUARDED_AVAILABILITY = YES_AGGRESSIVE;
				CLANG_WARN_UNREACHABLE_CODE = YES;
				CLANG_WARN__DUPLICATE_METHOD_MATCH = YES;
				COPY_PHASE_STRIP = NO;
				DEBUG_INFORMATION_FORMAT = dwarf;
				ENABLE_STRICT_OBJC_MSGSEND = YES;
				ENABLE_TESTABILITY = YES;
				ENABLE_USER_SCRIPT_SANDBOXING = YES;
				GCC_C_LANGUAGE_STANDARD = gnu17;
				GCC_DYNAMIC_NO_PIC = NO;
				GCC_NO_COMMON_BLOCKS = YES;
				GCC_OPTIMIZATION_LEVEL = 0;
				GCC_PREPROCESSOR_DEFINITIONS = (
					"DEBUG=1",
					"$(inherited)",
				);
				GCC_WARN_64_TO_32_BIT_CONVERSION = YES;
				GCC_WARN_ABOUT_RETURN_TYPE = YES_ERROR;
				GCC_WARN_UNDECLARED_SELECTOR = YES;
				GCC_WARN_UNINITIALIZED_AUTOS = YES_AGGRESSIVE;
				GCC_WARN_UNUSED_FUNCTION = YES;
				GCC_WARN_UNUSED_VARIABLE = YES;
				IPHONEOS_DEPLOYMENT_TARGET = 17.5;
				LOCALIZATION_PREFERS_STRING_CATALOGS = YES;
				MTL_ENABLE_DEBUG_INFO = INCLUDE_SOURCE;
				MTL_FAST_MATH = YES;
				ONLY_ACTIVE_ARCH = YES;
				SDKROOT = iphoneos;
				SWIFT_ACTIVE_COMPILATION_CONDITIONS = "DEBUG $(inherited)";
				SWIFT_OPTIMIZATION_LEVEL = "-Onone";
			};
			name = Debug;
		};
		D9EEADC32C3DEC42004702A0 /* Release */ = {
			isa = XCBuildConfiguration;
			buildSettings = {
				ALWAYS_SEARCH_USER_PATHS = NO;
				ASSETCATALOG_COMPILER_GENERATE_SWIFT_ASSET_SYMBOL_EXTENSIONS = YES;
				CLANG_ANALYZER_NONNULL = YES;
				CLANG_ANALYZER_NUMBER_OBJECT_CONVERSION = YES_AGGRESSIVE;
				CLANG_CXX_LANGUAGE_STANDARD = "gnu++20";
				CLANG_ENABLE_MODULES = YES;
				CLANG_ENABLE_OBJC_ARC = YES;
				CLANG_ENABLE_OBJC_WEAK = YES;
				CLANG_WARN_BLOCK_CAPTURE_AUTORELEASING = YES;
				CLANG_WARN_BOOL_CONVERSION = YES;
				CLANG_WARN_COMMA = YES;
				CLANG_WARN_CONSTANT_CONVERSION = YES;
				CLANG_WARN_DEPRECATED_OBJC_IMPLEMENTATIONS = YES;
				CLANG_WARN_DIRECT_OBJC_ISA_USAGE = YES_ERROR;
				CLANG_WARN_DOCUMENTATION_COMMENTS = YES;
				CLANG_WARN_EMPTY_BODY = YES;
				CLANG_WARN_ENUM_CONVERSION = YES;
				CLANG_WARN_INFINITE_RECURSION = YES;
				CLANG_WARN_INT_CONVERSION = YES;
				CLANG_WARN_NON_LITERAL_NULL_CONVERSION = YES;
				CLANG_WARN_OBJC_IMPLICIT_RETAIN_SELF = YES;
				CLANG_WARN_OBJC_LITERAL_CONVERSION = YES;
				CLANG_WARN_OBJC_ROOT_CLASS = YES_ERROR;
				CLANG_WARN_QUOTED_INCLUDE_IN_FRAMEWORK_HEADER = YES;
				CLANG_WARN_RANGE_LOOP_ANALYSIS = YES;
				CLANG_WARN_STRICT_PROTOTYPES = YES;
				CLANG_WARN_SUSPICIOUS_MOVE = YES;
				CLANG_WARN_UNGUARDED_AVAILABILITY = YES_AGGRESSIVE;
				CLANG_WARN_UNREACHABLE_CODE = YES;
				CLANG_WARN__DUPLICATE_METHOD_MATCH = YES;
				COPY_PHASE_STRIP = NO;
				DEBUG_INFORMATION_FORMAT = "dwarf-with-dsym";
				ENABLE_NS_ASSERTIONS = NO;
				ENABLE_STRICT_OBJC_MSGSEND = YES;
				ENABLE_USER_SCRIPT_SANDBOXING = YES;
				GCC_C_LANGUAGE_STANDARD = gnu17;
				GCC_NO_COMMON_BLOCKS = YES;
				GCC_WARN_64_TO_32_BIT_CONVERSION = YES;
				GCC_WARN_ABOUT_RETURN_TYPE = YES_ERROR;
				GCC_WARN_UNDECLARED_SELECTOR = YES;
				GCC_WARN_UNINITIALIZED_AUTOS = YES_AGGRESSIVE;
				GCC_WARN_UNUSED_FUNCTION = YES;
				GCC_WARN_UNUSED_VARIABLE = YES;
				IPHONEOS_DEPLOYMENT_TARGET = 17.5;
				LOCALIZATION_PREFERS_STRING_CATALOGS = YES;
				MTL_ENABLE_DEBUG_INFO = NO;
				MTL_FAST_MATH = YES;
				SDKROOT = iphoneos;
				SWIFT_COMPILATION_MODE = wholemodule;
				VALIDATE_PRODUCT = YES;
			};
			name = Release;
		};
		D9EEADC52C3DEC42004702A0 /* Debug */ = {
			isa = XCBuildConfiguration;
			buildSettings = {
				ALWAYS_EMBED_SWIFT_STANDARD_LIBRARIES = YES;
				ASSETCATALOG_COMPILER_APPICON_NAME = AppIcon;
				ASSETCATALOG_COMPILER_GLOBAL_ACCENT_COLOR_NAME = AccentColor;
				CODE_SIGN_ENTITLEMENTS = odo/odo.entitlements;
				CODE_SIGN_STYLE = Automatic;
				CURRENT_PROJECT_VERSION = 1;
				DEVELOPMENT_ASSET_PATHS = "\"odo/Preview Content\"";
				DEVELOPMENT_TEAM = PDF936JKA3;
				ENABLE_PREVIEWS = YES;
				GENERATE_INFOPLIST_FILE = YES;
				INFOPLIST_FILE = odo/Info.plist;
				INFOPLIST_KEY_LSApplicationCategoryType = "";
				INFOPLIST_KEY_NSHealthShareUsageDescription = "Reading health data to display in app.";
				INFOPLIST_KEY_NSHealthUpdateUsageDescription = "Reading and updating your step count.";
				INFOPLIST_KEY_UIApplicationSceneManifest_Generation = YES;
				INFOPLIST_KEY_UIApplicationSupportsIndirectInputEvents = YES;
				INFOPLIST_KEY_UILaunchScreen_Generation = YES;
				INFOPLIST_KEY_UISupportedInterfaceOrientations_iPad = "UIInterfaceOrientationPortrait UIInterfaceOrientationPortraitUpsideDown UIInterfaceOrientationLandscapeLeft UIInterfaceOrientationLandscapeRight";
				INFOPLIST_KEY_UISupportedInterfaceOrientations_iPhone = "UIInterfaceOrientationPortrait UIInterfaceOrientationLandscapeLeft UIInterfaceOrientationLandscapeRight";
				LD_RUNPATH_SEARCH_PATHS = (
					"$(inherited)",
					"@executable_path/Frameworks",
				);
				MARKETING_VERSION = 1.0;
				PRODUCT_BUNDLE_IDENTIFIER = com.austinlavalley.odo;
				PRODUCT_NAME = "$(TARGET_NAME)";
				SWIFT_EMIT_LOC_STRINGS = YES;
				SWIFT_VERSION = 5.0;
				TARGETED_DEVICE_FAMILY = "1,2";
			};
			name = Debug;
		};
		D9EEADC62C3DEC42004702A0 /* Release */ = {
			isa = XCBuildConfiguration;
			buildSettings = {
				ALWAYS_EMBED_SWIFT_STANDARD_LIBRARIES = YES;
				ASSETCATALOG_COMPILER_APPICON_NAME = AppIcon;
				ASSETCATALOG_COMPILER_GLOBAL_ACCENT_COLOR_NAME = AccentColor;
				CODE_SIGN_ENTITLEMENTS = odo/odo.entitlements;
				CODE_SIGN_STYLE = Automatic;
				CURRENT_PROJECT_VERSION = 1;
				DEVELOPMENT_ASSET_PATHS = "\"odo/Preview Content\"";
				DEVELOPMENT_TEAM = PDF936JKA3;
				ENABLE_PREVIEWS = YES;
				GENERATE_INFOPLIST_FILE = YES;
				INFOPLIST_FILE = odo/Info.plist;
				INFOPLIST_KEY_LSApplicationCategoryType = "";
				INFOPLIST_KEY_NSHealthShareUsageDescription = "Reading health data to display in app.";
				INFOPLIST_KEY_NSHealthUpdateUsageDescription = "Reading and updating your step count.";
				INFOPLIST_KEY_UIApplicationSceneManifest_Generation = YES;
				INFOPLIST_KEY_UIApplicationSupportsIndirectInputEvents = YES;
				INFOPLIST_KEY_UILaunchScreen_Generation = YES;
				INFOPLIST_KEY_UISupportedInterfaceOrientations_iPad = "UIInterfaceOrientationPortrait UIInterfaceOrientationPortraitUpsideDown UIInterfaceOrientationLandscapeLeft UIInterfaceOrientationLandscapeRight";
				INFOPLIST_KEY_UISupportedInterfaceOrientations_iPhone = "UIInterfaceOrientationPortrait UIInterfaceOrientationLandscapeLeft UIInterfaceOrientationLandscapeRight";
				LD_RUNPATH_SEARCH_PATHS = (
					"$(inherited)",
					"@executable_path/Frameworks",
				);
				MARKETING_VERSION = 1.0;
				PRODUCT_BUNDLE_IDENTIFIER = com.austinlavalley.odo;
				PRODUCT_NAME = "$(TARGET_NAME)";
				SWIFT_EMIT_LOC_STRINGS = YES;
				SWIFT_VERSION = 5.0;
				TARGETED_DEVICE_FAMILY = "1,2";
			};
			name = Release;
		};
/* End XCBuildConfiguration section */

/* Begin XCConfigurationList section */
		D9D9D98E2C4443B4007F33E3 /* Build configuration list for PBXNativeTarget "StepCountWidgetExtension" */ = {
			isa = XCConfigurationList;
			buildConfigurations = (
				D9D9D98C2C4443B4007F33E3 /* Debug */,
				D9D9D98D2C4443B4007F33E3 /* Release */,
			);
			defaultConfigurationIsVisible = 0;
			defaultConfigurationName = Release;
		};
		D9EEADB12C3DEC36004702A0 /* Build configuration list for PBXProject "odo" */ = {
			isa = XCConfigurationList;
			buildConfigurations = (
				D9EEADC22C3DEC42004702A0 /* Debug */,
				D9EEADC32C3DEC42004702A0 /* Release */,
			);
			defaultConfigurationIsVisible = 0;
			defaultConfigurationName = Release;
		};
		D9EEADC42C3DEC42004702A0 /* Build configuration list for PBXNativeTarget "odo" */ = {
			isa = XCConfigurationList;
			buildConfigurations = (
				D9EEADC52C3DEC42004702A0 /* Debug */,
				D9EEADC62C3DEC42004702A0 /* Release */,
			);
			defaultConfigurationIsVisible = 0;
			defaultConfigurationName = Release;
		};
/* End XCConfigurationList section */
	};
	rootObject = D9EEADAE2C3DEC36004702A0 /* Project object */;
}
